
Microsoft Visual Studio Solution File, Format Version 12.00
# Visual Studio Version 17
VisualStudioVersion = 17.0.31903.59
MinimumVisualStudioVersion = 10.0.40219.1
Project("{FAE04EC0-301F-11D3-BF4B-00C04F79EFBC}") = "Lfm.Interface.Cli", "src\Lfm.Interface.Cli\Lfm.Interface.Cli.csproj", "{A1B2C3D4-E5F6-7890-ABCD-EF1234567890}"
EndProject
Project("{FAE04EC0-301F-11D3-BF4B-00C04F79EFBC}") = "Lfm.Core", "src\Lfm.Core\Lfm.Core.csproj", "{091C3FA6-24E3-E9BA-18EA-2969F3424418}"
EndProject
Project("{2150E333-8FDC-42A3-9474-1A3956D46DE8}") = "src", "src", "{827E0CD3-B72D-47B6-A68D-7590B98EB39B}"
EndProject
Project("{FAE04EC0-301F-11D3-BF4B-00C04F79EFBC}") = "Lfm.Integration.Spotify", "src\Lfm.Integration.Spotify\Lfm.Integration.Spotify.csproj", "{201BE8B7-302E-4BCD-84E6-D7FFB8552DA4}"
EndProject
Project("{FAE04EC0-301F-11D3-BF4B-00C04F79EFBC}") = "Lfm.Schema", "src\Lfm.Schema\Lfm.Schema.csproj", "{F62AAEB6-56E7-4793-B22A-ECFBC45E031B}"
EndProject
Project("{FAE04EC0-301F-11D3-BF4B-00C04F79EFBC}") = "Lfm.Interface.Mcp", "src\Lfm.Interface.Mcp\Lfm.Interface.Mcp.csproj", "{F885E604-C6DD-4A2A-91E0-729DE6CA018F}"
EndProject
Project("{FAE04EC0-301F-11D3-BF4B-00C04F79EFBC}") = "Lfm.Tests", "src\Lfm.Tests\Lfm.Tests.csproj", "{23A69A6C-666D-4F82-A08B-9F747C31D832}"
EndProject
Project("{FAE04EC0-301F-11D3-BF4B-00C04F79EFBC}") = "Lfm.Data.EF", "src\Lfm.Data.EF\Lfm.Data.EF.csproj", "{FB3C3307-510D-4C67-85FC-BDC8070A4D92}"
EndProject
Project("{FAE04EC0-301F-11D3-BF4B-00C04F79EFBC}") = "Lfm.Data.Direct", "src\Lfm.Data.Direct\Lfm.Data.Direct.csproj", "{23145130-2AE2-465C-A142-FC3A85AE6D8A}"
EndProject
Project("{FAE04EC0-301F-11D3-BF4B-00C04F79EFBC}") = "Lfm.Shared", "src\Lfm.Shared\Lfm.Shared.csproj", "{4DE554EC-6B52-474C-B63B-9F5A8FE36D9A}"
EndProject
Project("{FAE04EC0-301F-11D3-BF4B-00C04F79EFBC}") = "Lfm.Integration.Sonos", "src\Lfm.Integration.Sonos\Lfm.Integration.Sonos.csproj", "{1F75497A-F8D4-4EC4-AB60-646D6073690C}"
EndProject
Project("{FAE04EC0-301F-11D3-BF4B-00C04F79EFBC}") = "Lfm.Configurator", "src\Lfm.Configurator\Lfm.Configurator.csproj", "{5E82D919-6B4F-4A2D-9B7C-8E5F6D9C1A2B}"
EndProject
Project("{FAE04EC0-301F-11D3-BF4B-00C04F79EFBC}") = "Lfm.Framework", "src\Lfm.Framework\Lfm.Framework.csproj", "{6E82D91A-6C4F-4A2D-9B7C-8E5F6D9C1A2C}"
EndProject
Project("{FAE04EC0-301F-11D3-BF4B-00C04F79EFBC}") = "Lfm.Wine", "src\Lfm.Wine\Lfm.Wine.csproj", "{7F93E02B-7D5F-5B3E-0C8D-9F6G7E0D2B3D}"
EndProject
Global
	GlobalSection(SolutionConfigurationPlatforms) = preSolution
		Debug|Any CPU = Debug|Any CPU
		Debug|x64 = Debug|x64
		Debug|x86 = Debug|x86
		Release|Any CPU = Release|Any CPU
		Release|x64 = Release|x64
		Release|x86 = Release|x86
	EndGlobalSection
	GlobalSection(ProjectConfigurationPlatforms) = postSolution
		{A1B2C3D4-E5F6-7890-ABCD-EF1234567890}.Debug|Any CPU.ActiveCfg = Debug|Any CPU
		{A1B2C3D4-E5F6-7890-ABCD-EF1234567890}.Debug|Any CPU.Build.0 = Debug|Any CPU
		{A1B2C3D4-E5F6-7890-ABCD-EF1234567890}.Debug|x64.ActiveCfg = Debug|Any CPU
		{A1B2C3D4-E5F6-7890-ABCD-EF1234567890}.Debug|x64.Build.0 = Debug|Any CPU
		{A1B2C3D4-E5F6-7890-ABCD-EF1234567890}.Debug|x86.ActiveCfg = Debug|Any CPU
		{A1B2C3D4-E5F6-7890-ABCD-EF1234567890}.Debug|x86.Build.0 = Debug|Any CPU
		{A1B2C3D4-E5F6-7890-ABCD-EF1234567890}.Release|Any CPU.ActiveCfg = Release|Any CPU
		{A1B2C3D4-E5F6-7890-ABCD-EF1234567890}.Release|Any CPU.Build.0 = Release|Any CPU
		{A1B2C3D4-E5F6-7890-ABCD-EF1234567890}.Release|x64.ActiveCfg = Release|Any CPU
		{A1B2C3D4-E5F6-7890-ABCD-EF1234567890}.Release|x64.Build.0 = Release|Any CPU
		{A1B2C3D4-E5F6-7890-ABCD-EF1234567890}.Release|x86.ActiveCfg = Release|Any CPU
		{A1B2C3D4-E5F6-7890-ABCD-EF1234567890}.Release|x86.Build.0 = Release|Any CPU
		{091C3FA6-24E3-E9BA-18EA-2969F3424418}.Debug|Any CPU.ActiveCfg = Debug|Any CPU
		{091C3FA6-24E3-E9BA-18EA-2969F3424418}.Debug|Any CPU.Build.0 = Debug|Any CPU
		{091C3FA6-24E3-E9BA-18EA-2969F3424418}.Debug|x64.ActiveCfg = Debug|Any CPU
		{091C3FA6-24E3-E9BA-18EA-2969F3424418}.Debug|x64.Build.0 = Debug|Any CPU
		{091C3FA6-24E3-E9BA-18EA-2969F3424418}.Debug|x86.ActiveCfg = Debug|Any CPU
		{091C3FA6-24E3-E9BA-18EA-2969F3424418}.Debug|x86.Build.0 = Debug|Any CPU
		{091C3FA6-24E3-E9BA-18EA-2969F3424418}.Release|Any CPU.ActiveCfg = Release|Any CPU
		{091C3FA6-24E3-E9BA-18EA-2969F3424418}.Release|Any CPU.Build.0 = Release|Any CPU
		{091C3FA6-24E3-E9BA-18EA-2969F3424418}.Release|x64.ActiveCfg = Release|Any CPU
		{091C3FA6-24E3-E9BA-18EA-2969F3424418}.Release|x64.Build.0 = Release|Any CPU
		{091C3FA6-24E3-E9BA-18EA-2969F3424418}.Release|x86.ActiveCfg = Release|Any CPU
		{091C3FA6-24E3-E9BA-18EA-2969F3424418}.Release|x86.Build.0 = Release|Any CPU
		{201BE8B7-302E-4BCD-84E6-D7FFB8552DA4}.Debug|Any CPU.ActiveCfg = Debug|Any CPU
		{201BE8B7-302E-4BCD-84E6-D7FFB8552DA4}.Debug|Any CPU.Build.0 = Debug|Any CPU
		{201BE8B7-302E-4BCD-84E6-D7FFB8552DA4}.Debug|x64.ActiveCfg = Debug|Any CPU
		{201BE8B7-302E-4BCD-84E6-D7FFB8552DA4}.Debug|x64.Build.0 = Debug|Any CPU
		{201BE8B7-302E-4BCD-84E6-D7FFB8552DA4}.Debug|x86.ActiveCfg = Debug|Any CPU
		{201BE8B7-302E-4BCD-84E6-D7FFB8552DA4}.Debug|x86.Build.0 = Debug|Any CPU
		{201BE8B7-302E-4BCD-84E6-D7FFB8552DA4}.Release|Any CPU.ActiveCfg = Release|Any CPU
		{201BE8B7-302E-4BCD-84E6-D7FFB8552DA4}.Release|Any CPU.Build.0 = Release|Any CPU
		{201BE8B7-302E-4BCD-84E6-D7FFB8552DA4}.Release|x64.ActiveCfg = Release|Any CPU
		{201BE8B7-302E-4BCD-84E6-D7FFB8552DA4}.Release|x64.Build.0 = Release|Any CPU
		{201BE8B7-302E-4BCD-84E6-D7FFB8552DA4}.Release|x86.ActiveCfg = Release|Any CPU
		{201BE8B7-302E-4BCD-84E6-D7FFB8552DA4}.Release|x86.Build.0 = Release|Any CPU
		{F62AAEB6-56E7-4793-B22A-ECFBC45E031B}.Debug|Any CPU.ActiveCfg = Debug|Any CPU
		{F62AAEB6-56E7-4793-B22A-ECFBC45E031B}.Debug|Any CPU.Build.0 = Debug|Any CPU
		{F62AAEB6-56E7-4793-B22A-ECFBC45E031B}.Debug|x64.ActiveCfg = Debug|Any CPU
		{F62AAEB6-56E7-4793-B22A-ECFBC45E031B}.Debug|x64.Build.0 = Debug|Any CPU
		{F62AAEB6-56E7-4793-B22A-ECFBC45E031B}.Debug|x86.ActiveCfg = Debug|Any CPU
		{F62AAEB6-56E7-4793-B22A-ECFBC45E031B}.Debug|x86.Build.0 = Debug|Any CPU
		{F62AAEB6-56E7-4793-B22A-ECFBC45E031B}.Release|Any CPU.ActiveCfg = Release|Any CPU
		{F62AAEB6-56E7-4793-B22A-ECFBC45E031B}.Release|Any CPU.Build.0 = Release|Any CPU
		{F62AAEB6-56E7-4793-B22A-ECFBC45E031B}.Release|x64.ActiveCfg = Release|Any CPU
		{F62AAEB6-56E7-4793-B22A-ECFBC45E031B}.Release|x64.Build.0 = Release|Any CPU
		{F62AAEB6-56E7-4793-B22A-ECFBC45E031B}.Release|x86.ActiveCfg = Release|Any CPU
		{F62AAEB6-56E7-4793-B22A-ECFBC45E031B}.Release|x86.Build.0 = Release|Any CPU
		{F885E604-C6DD-4A2A-91E0-729DE6CA018F}.Debug|Any CPU.ActiveCfg = Debug|Any CPU
		{F885E604-C6DD-4A2A-91E0-729DE6CA018F}.Debug|Any CPU.Build.0 = Debug|Any CPU
		{F885E604-C6DD-4A2A-91E0-729DE6CA018F}.Debug|x64.ActiveCfg = Debug|Any CPU
		{F885E604-C6DD-4A2A-91E0-729DE6CA018F}.Debug|x64.Build.0 = Debug|Any CPU
		{F885E604-C6DD-4A2A-91E0-729DE6CA018F}.Debug|x86.ActiveCfg = Debug|Any CPU
		{F885E604-C6DD-4A2A-91E0-729DE6CA018F}.Debug|x86.Build.0 = Debug|Any CPU
		{F885E604-C6DD-4A2A-91E0-729DE6CA018F}.Release|Any CPU.ActiveCfg = Release|Any CPU
		{F885E604-C6DD-4A2A-91E0-729DE6CA018F}.Release|Any CPU.Build.0 = Release|Any CPU
		{F885E604-C6DD-4A2A-91E0-729DE6CA018F}.Release|x64.ActiveCfg = Release|Any CPU
		{F885E604-C6DD-4A2A-91E0-729DE6CA018F}.Release|x64.Build.0 = Release|Any CPU
		{F885E604-C6DD-4A2A-91E0-729DE6CA018F}.Release|x86.ActiveCfg = Release|Any CPU
		{F885E604-C6DD-4A2A-91E0-729DE6CA018F}.Release|x86.Build.0 = Release|Any CPU
		{23A69A6C-666D-4F82-A08B-9F747C31D832}.Debug|Any CPU.ActiveCfg = Debug|Any CPU
		{23A69A6C-666D-4F82-A08B-9F747C31D832}.Debug|Any CPU.Build.0 = Debug|Any CPU
		{23A69A6C-666D-4F82-A08B-9F747C31D832}.Debug|x64.ActiveCfg = Debug|Any CPU
		{23A69A6C-666D-4F82-A08B-9F747C31D832}.Debug|x64.Build.0 = Debug|Any CPU
		{23A69A6C-666D-4F82-A08B-9F747C31D832}.Debug|x86.ActiveCfg = Debug|Any CPU
		{23A69A6C-666D-4F82-A08B-9F747C31D832}.Debug|x86.Build.0 = Debug|Any CPU
		{23A69A6C-666D-4F82-A08B-9F747C31D832}.Release|Any CPU.ActiveCfg = Release|Any CPU
		{23A69A6C-666D-4F82-A08B-9F747C31D832}.Release|Any CPU.Build.0 = Release|Any CPU
		{23A69A6C-666D-4F82-A08B-9F747C31D832}.Release|x64.ActiveCfg = Release|Any CPU
		{23A69A6C-666D-4F82-A08B-9F747C31D832}.Release|x64.Build.0 = Release|Any CPU
		{23A69A6C-666D-4F82-A08B-9F747C31D832}.Release|x86.ActiveCfg = Release|Any CPU
		{23A69A6C-666D-4F82-A08B-9F747C31D832}.Release|x86.Build.0 = Release|Any CPU
		{FB3C3307-510D-4C67-85FC-BDC8070A4D92}.Debug|Any CPU.ActiveCfg = Debug|Any CPU
		{FB3C3307-510D-4C67-85FC-BDC8070A4D92}.Debug|Any CPU.Build.0 = Debug|Any CPU
		{FB3C3307-510D-4C67-85FC-BDC8070A4D92}.Debug|x64.ActiveCfg = Debug|Any CPU
		{FB3C3307-510D-4C67-85FC-BDC8070A4D92}.Debug|x64.Build.0 = Debug|Any CPU
		{FB3C3307-510D-4C67-85FC-BDC8070A4D92}.Debug|x86.ActiveCfg = Debug|Any CPU
		{FB3C3307-510D-4C67-85FC-BDC8070A4D92}.Debug|x86.Build.0 = Debug|Any CPU
		{FB3C3307-510D-4C67-85FC-BDC8070A4D92}.Release|Any CPU.ActiveCfg = Release|Any CPU
		{FB3C3307-510D-4C67-85FC-BDC8070A4D92}.Release|Any CPU.Build.0 = Release|Any CPU
		{FB3C3307-510D-4C67-85FC-BDC8070A4D92}.Release|x64.ActiveCfg = Release|Any CPU
		{FB3C3307-510D-4C67-85FC-BDC8070A4D92}.Release|x64.Build.0 = Release|Any CPU
		{FB3C3307-510D-4C67-85FC-BDC8070A4D92}.Release|x86.ActiveCfg = Release|Any CPU
		{FB3C3307-510D-4C67-85FC-BDC8070A4D92}.Release|x86.Build.0 = Release|Any CPU
		{23145130-2AE2-465C-A142-FC3A85AE6D8A}.Debug|Any CPU.ActiveCfg = Debug|Any CPU
		{23145130-2AE2-465C-A142-FC3A85AE6D8A}.Debug|Any CPU.Build.0 = Debug|Any CPU
		{23145130-2AE2-465C-A142-FC3A85AE6D8A}.Debug|x64.ActiveCfg = Debug|Any CPU
		{23145130-2AE2-465C-A142-FC3A85AE6D8A}.Debug|x64.Build.0 = Debug|Any CPU
		{23145130-2AE2-465C-A142-FC3A85AE6D8A}.Debug|x86.ActiveCfg = Debug|Any CPU
		{23145130-2AE2-465C-A142-FC3A85AE6D8A}.Debug|x86.Build.0 = Debug|Any CPU
		{23145130-2AE2-465C-A142-FC3A85AE6D8A}.Release|Any CPU.ActiveCfg = Release|Any CPU
		{23145130-2AE2-465C-A142-FC3A85AE6D8A}.Release|Any CPU.Build.0 = Release|Any CPU
		{23145130-2AE2-465C-A142-FC3A85AE6D8A}.Release|x64.ActiveCfg = Release|Any CPU
		{23145130-2AE2-465C-A142-FC3A85AE6D8A}.Release|x64.Build.0 = Release|Any CPU
		{23145130-2AE2-465C-A142-FC3A85AE6D8A}.Release|x86.ActiveCfg = Release|Any CPU
		{23145130-2AE2-465C-A142-FC3A85AE6D8A}.Release|x86.Build.0 = Release|Any CPU
		{4DE554EC-6B52-474C-B63B-9F5A8FE36D9A}.Debug|Any CPU.ActiveCfg = Debug|Any CPU
		{4DE554EC-6B52-474C-B63B-9F5A8FE36D9A}.Debug|Any CPU.Build.0 = Debug|Any CPU
		{4DE554EC-6B52-474C-B63B-9F5A8FE36D9A}.Debug|x64.ActiveCfg = Debug|Any CPU
		{4DE554EC-6B52-474C-B63B-9F5A8FE36D9A}.Debug|x64.Build.0 = Debug|Any CPU
		{4DE554EC-6B52-474C-B63B-9F5A8FE36D9A}.Debug|x86.ActiveCfg = Debug|Any CPU
		{4DE554EC-6B52-474C-B63B-9F5A8FE36D9A}.Debug|x86.Build.0 = Debug|Any CPU
		{4DE554EC-6B52-474C-B63B-9F5A8FE36D9A}.Release|Any CPU.ActiveCfg = Release|Any CPU
		{4DE554EC-6B52-474C-B63B-9F5A8FE36D9A}.Release|Any CPU.Build.0 = Release|Any CPU
		{4DE554EC-6B52-474C-B63B-9F5A8FE36D9A}.Release|x64.ActiveCfg = Release|Any CPU
		{4DE554EC-6B52-474C-B63B-9F5A8FE36D9A}.Release|x64.Build.0 = Release|Any CPU
		{4DE554EC-6B52-474C-B63B-9F5A8FE36D9A}.Release|x86.ActiveCfg = Release|Any CPU
		{4DE554EC-6B52-474C-B63B-9F5A8FE36D9A}.Release|x86.Build.0 = Release|Any CPU
		{1F75497A-F8D4-4EC4-AB60-646D6073690C}.Debug|Any CPU.ActiveCfg = Debug|Any CPU
		{1F75497A-F8D4-4EC4-AB60-646D6073690C}.Debug|Any CPU.Build.0 = Debug|Any CPU
		{1F75497A-F8D4-4EC4-AB60-646D6073690C}.Debug|x64.ActiveCfg = Debug|Any CPU
		{1F75497A-F8D4-4EC4-AB60-646D6073690C}.Debug|x64.Build.0 = Debug|Any CPU
		{1F75497A-F8D4-4EC4-AB60-646D6073690C}.Debug|x86.ActiveCfg = Debug|Any CPU
		{1F75497A-F8D4-4EC4-AB60-646D6073690C}.Debug|x86.Build.0 = Debug|Any CPU
		{1F75497A-F8D4-4EC4-AB60-646D6073690C}.Release|Any CPU.ActiveCfg = Release|Any CPU
		{1F75497A-F8D4-4EC4-AB60-646D6073690C}.Release|Any CPU.Build.0 = Release|Any CPU
		{1F75497A-F8D4-4EC4-AB60-646D6073690C}.Release|x64.ActiveCfg = Release|Any CPU
		{1F75497A-F8D4-4EC4-AB60-646D6073690C}.Release|x64.Build.0 = Release|Any CPU
		{1F75497A-F8D4-4EC4-AB60-646D6073690C}.Release|x86.ActiveCfg = Release|Any CPU
		{1F75497A-F8D4-4EC4-AB60-646D6073690C}.Release|x86.Build.0 = Release|Any CPU
		{5E82D919-6B4F-4A2D-9B7C-8E5F6D9C1A2B}.Debug|Any CPU.ActiveCfg = Debug|Any CPU
		{5E82D919-6B4F-4A2D-9B7C-8E5F6D9C1A2B}.Debug|Any CPU.Build.0 = Debug|Any CPU
		{5E82D919-6B4F-4A2D-9B7C-8E5F6D9C1A2B}.Debug|x64.ActiveCfg = Debug|Any CPU
		{5E82D919-6B4F-4A2D-9B7C-8E5F6D9C1A2B}.Debug|x64.Build.0 = Debug|Any CPU
		{5E82D919-6B4F-4A2D-9B7C-8E5F6D9C1A2B}.Debug|x86.ActiveCfg = Debug|Any CPU
		{5E82D919-6B4F-4A2D-9B7C-8E5F6D9C1A2B}.Debug|x86.Build.0 = Debug|Any CPU
		{5E82D919-6B4F-4A2D-9B7C-8E5F6D9C1A2B}.Release|Any CPU.ActiveCfg = Release|Any CPU
		{5E82D919-6B4F-4A2D-9B7C-8E5F6D9C1A2B}.Release|Any CPU.Build.0 = Release|Any CPU
		{5E82D919-6B4F-4A2D-9B7C-8E5F6D9C1A2B}.Release|x64.ActiveCfg = Release|Any CPU
		{5E82D919-6B4F-4A2D-9B7C-8E5F6D9C1A2B}.Release|x64.Build.0 = Release|Any CPU
		{5E82D919-6B4F-4A2D-9B7C-8E5F6D9C1A2B}.Release|x86.ActiveCfg = Release|Any CPU
		{5E82D919-6B4F-4A2D-9B7C-8E5F6D9C1A2B}.Release|x86.Build.0 = Release|Any CPU
	EndGlobalSection
	GlobalSection(SolutionProperties) = preSolution
		HideSolutionNode = FALSE
	EndGlobalSection
	GlobalSection(NestedProjects) = preSolution
		{201BE8B7-302E-4BCD-84E6-D7FFB8552DA4} = {827E0CD3-B72D-47B6-A68D-7590B98EB39B}
		{F62AAEB6-56E7-4793-B22A-ECFBC45E031B} = {827E0CD3-B72D-47B6-A68D-7590B98EB39B}
		{F885E604-C6DD-4A2A-91E0-729DE6CA018F} = {827E0CD3-B72D-47B6-A68D-7590B98EB39B}
		{23A69A6C-666D-4F82-A08B-9F747C31D832} = {827E0CD3-B72D-47B6-A68D-7590B98EB39B}
		{FB3C3307-510D-4C67-85FC-BDC8070A4D92} = {827E0CD3-B72D-47B6-A68D-7590B98EB39B}
		{23145130-2AE2-465C-A142-FC3A85AE6D8A} = {827E0CD3-B72D-47B6-A68D-7590B98EB39B}
		{4DE554EC-6B52-474C-B63B-9F5A8FE36D9A} = {827E0CD3-B72D-47B6-A68D-7590B98EB39B}
		{1F75497A-F8D4-4EC4-AB60-646D6073690C} = {827E0CD3-B72D-47B6-A68D-7590B98EB39B}
		{5E82D919-6B4F-4A2D-9B7C-8E5F6D9C1A2B} = {827E0CD3-B72D-47B6-A68D-7590B98EB39B}
		{6E82D91A-6C4F-4A2D-9B7C-8E5F6D9C1A2C} = {827E0CD3-B72D-47B6-A68D-7590B98EB39B}
		{7F93E02B-7D5F-5B3E-0C8D-9F6G7E0D2B3D} = {827E0CD3-B72D-47B6-A68D-7590B98EB39B}
	EndGlobalSection
EndGlobal
